{
    "hash": "b20b1c26a42a1a7a70b73224c4d3134f",
    "packages": [

    ],
    "packages-dev": [
        {
            "package": "react/event-loop",
            "version": "dev-master",
            "source-reference": "0927a2129394f10cc8534994271c6073ca9e350c",
            "commit-date": "1337810634"
        }
    ],
    "aliases": [

    ],
    "minimum-stability": "stable",
    "stability-flags": {
        "react/event-loop": 20
    }
}
