{
    "hash": "ff0a8c99cd424aa3e4d1cad0c54de1cd",
    "packages": [

    ],
    "packages-dev": [
        {
            "name": "react/event-loop",
            "version": "v0.2.7",
            "target-dir": "React/EventLoop",
            "source": {
                "type": "git",
                "url": "https://github.com/reactphp/event-loop",
                "reference": "v0.2.7"
            },
            "dist": {
                "type": "zip",
                "url": "https://github.com/reactphp/event-loop/archive/v0.2.7.zip",
                "reference": "v0.2.7",
                "shasum": ""
            },
            "require": {
                "php": ">=5.3.3"
            },
            "suggest": {
                "ext-libev": "*",
                "ext-libevent": ">=0.0.5"
            },
            "time": "2013-01-05 11:41:26",
            "type": "library",
            "extra": {
                "branch-alias": {
                    "dev-master": "0.2-dev"
                }
            },
            "autoload": {
                "psr-0": {
                    "React\\EventLoop": ""
                }
            },
            "notification-url": "https://packagist.org/downloads/",
            "license": [
                "MIT"
            ],
            "description": "Event loop abstraction layer that libraries can use for evented I/O.",
            "keywords": [
                "event-loop"
            ]
        }
    ],
    "aliases": [

    ],
    "minimum-stability": "stable",
    "stability-flags": [

    ]
}
